
Microsoft Visual Studio Solution File, Format Version 12.00
# Visual Studio Version 17
VisualStudioVersion = 17.4.33213.308
MinimumVisualStudioVersion = 10.0.40219.1
Project("{FAE04EC0-301F-11D3-BF4B-00C04F79EFBC}") = "ClinicaDental", "ClinicaDental\ClinicaDental.csproj", "{D6074162-0289-4AA4-9F0F-8FEAA184F168}"
EndProject
Project("{FAE04EC0-301F-11D3-BF4B-00C04F79EFBC}") = "Modelo", "Modelo\Modelo.csproj", "{3513AE49-10CE-4F3D-B9A7-CEB619AD8AE5}"
EndProject
Project("{FAE04EC0-301F-11D3-BF4B-00C04F79EFBC}") = "Datos", "Datos\Datos.csproj", "{DAE0167B-3766-4BA7-A373-7E4B533C5B5C}"
EndProject
Global
	GlobalSection(SolutionConfigurationPlatforms) = preSolution
		Debug|Any CPU = Debug|Any CPU
		Release|Any CPU = Release|Any CPU
	EndGlobalSection
	GlobalSection(ProjectConfigurationPlatforms) = postSolution
		{D6074162-0289-4AA4-9F0F-8FEAA184F168}.Debug|Any CPU.ActiveCfg = Debug|Any CPU
		{D6074162-0289-4AA4-9F0F-8FEAA184F168}.Debug|Any CPU.Build.0 = Debug|Any CPU
		{D6074162-0289-4AA4-9F0F-8FEAA184F168}.Release|Any CPU.ActiveCfg = Release|Any CPU
		{D6074162-0289-4AA4-9F0F-8FEAA184F168}.Release|Any CPU.Build.0 = Release|Any CPU
		{3513AE49-10CE-4F3D-B9A7-CEB619AD8AE5}.Debug|Any CPU.ActiveCfg = Debug|Any CPU
		{3513AE49-10CE-4F3D-B9A7-CEB619AD8AE5}.Debug|Any CPU.Build.0 = Debug|Any CPU
		{3513AE49-10CE-4F3D-B9A7-CEB619AD8AE5}.Release|Any CPU.ActiveCfg = Release|Any CPU
		{3513AE49-10CE-4F3D-B9A7-CEB619AD8AE5}.Release|Any CPU.Build.0 = Release|Any CPU
		{DAE0167B-3766-4BA7-A373-7E4B533C5B5C}.Debug|Any CPU.ActiveCfg = Debug|Any CPU
		{DAE0167B-3766-4BA7-A373-7E4B533C5B5C}.Debug|Any CPU.Build.0 = Debug|Any CPU
		{DAE0167B-3766-4BA7-A373-7E4B533C5B5C}.Release|Any CPU.ActiveCfg = Release|Any CPU
		{DAE0167B-3766-4BA7-A373-7E4B533C5B5C}.Release|Any CPU.Build.0 = Release|Any CPU
	EndGlobalSection
	GlobalSection(SolutionProperties) = preSolution
		HideSolutionNode = FALSE
	EndGlobalSection
	GlobalSection(ExtensibilityGlobals) = postSolution
		SolutionGuid = {D41B378C-0597-4477-AFF2-08A413A49A81}
	EndGlobalSection
EndGlobal
